{
    "version": 3,
    "terraform_version": "0.10.6",
    "serial": 8,
    "lineage": "48adcef9-ca2a-4c26-a894-7d0bab39d8bc",
    "modules": [
        {
            "path": [
                "root"
            ],
            "outputs": {},
            "resources": {
                "aws_autoscaling_group.default": {
                    "type": "aws_autoscaling_group",
                    "depends_on": [
                        "aws_launch_configuration.default",
                        "aws_placement_group.default"
                    ],
                    "primary": {
                        "id": "default-autoscaling-group",
                        "attributes": {
                            "arn": "arn:aws:autoscaling:eu-west-1:310007993034:autoScalingGroup:7b8ac7ff-68a0-491a-9f0a-a234705efa3d:autoScalingGroupName/default-autoscaling-group",
                            "availability_zones.#": "1",
                            "availability_zones.3953592328": "eu-west-1a",
                            "default_cooldown": "300",
                            "desired_capacity": "1",
                            "force_delete": "false",
                            "health_check_grace_period": "100",
                            "health_check_type": "ELB",
                            "id": "default-autoscaling-group",
                            "launch_configuration": "web_config",
                            "load_balancers.#": "0",
                            "max_size": "2",
                            "metrics_granularity": "1Minute",
                            "min_size": "0",
                            "name": "default-autoscaling-group",
                            "placement_group": "default-placement-group",
                            "protect_from_scale_in": "false",
                            "suspended_processes.#": "0",
                            "tag.#": "0",
                            "target_group_arns.#": "0",
                            "termination_policies.#": "0",
                            "vpc_zone_identifier.#": "0",
                            "wait_for_capacity_timeout": "10m"
                        },
                        "meta": {
                            "e2bfb730-ecaa-11e6-8f88-34363bc7c4c0": {
                                "delete": 300000000000
                            }
                        },
                        "tainted": false
                    },
                    "deposed": [],
                    "provider": ""
                },
                "aws_key_pair.deployer": {
                    "type": "aws_key_pair",
                    "depends_on": [],
                    "primary": {
                        "id": "deployer-key",
                        "attributes": {
                            "fingerprint": "05:64:f3:14:33:d8:42:07:18:c4:1d:23:58:be:5c:99",
                            "id": "deployer-key",
                            "key_name": "deployer-key",
                            "public_key": "ssh-rsa AAAAB3NzaC1yc2EAAAADAQABAAACAQDPYQ9gY5pItfBxG2cWYRjitS8jRtmAr4GwJQxg6JHuoIkB/OYwghQL7XUQA1NBWy1QlAllBNdzMrAMfvAEar+MUBIq9lS832knpcDGFp0pqJpGU1nHh8n4gso05vNXWLfOqvTv0+haBlMPpyxQwB7baanteZUvBKBOuT2INYXn8KbyfAlSHEW9qOfFu6of5+4fx9edACeC6y8hMXQWKO2GKwLAUkVIcX7aS1gZIq2FXuxBpzs1CAXEx21vD6j8gCpRzPxCUphosFaSAwZjwInprz+eWrfKjA74NpVvgpsNQiLFG5+1c6tsynRO3Sfzy7ZBhDJ+eARimVtlfkYsCrOsyJCrAYrAE8utieBRDJWu/eiUo8dUFuC2vjjlyd2G8kyrnDV33qrI++9ONnm6TwSRUuyQd32j1azgmTFtRvLQLE9hWoU0EFejKGg4MFQwuUGBFTzrOUUVrNCNJVLG7qNXREpwnQT55Haex9JrV8u68MIJvHAHizAgzbteH2cQgbIvT2ydWSI9g8OFef4JKZMDhgx0WLWf+F71LD2Pt52+f1Ah3cYYI1ty9E/qF73F3ajVtkJu9XnmwLp8SpkZ6MNdRKc5ydtUgW/icVFlgTSxJM4MQ4KvPy92z/jGgk2IuXbNP6sMHTPj0P0QoX1uscKuSUOqm7qExGgTeLD3mTZwJQ== vitali.raikov@gmail.com"
                        },
                        "meta": {
                            "schema_version": "1"
                        },
                        "tainted": false
                    },
                    "deposed": [],
                    "provider": ""
                },
                "aws_launch_configuration.default": {
                    "type": "aws_launch_configuration",
                    "depends_on": [
                        "aws_key_pair.deployer",
                        "data.aws_ami.ubuntu"
                    ],
                    "primary": {
                        "id": "web_config",
                        "attributes": {
                            "associate_public_ip_address": "false",
                            "ebs_block_device.#": "0",
                            "ebs_optimized": "false",
                            "enable_monitoring": "true",
                            "ephemeral_block_device.#": "0",
                            "iam_instance_profile": "",
                            "id": "web_config",
                            "image_id": "ami-e872bf91",
                            "instance_type": "m4.large",
                            "key_name": "deployer-key",
                            "name": "web_config",
                            "root_block_device.#": "0",
                            "security_groups.#": "0",
                            "spot_price": "",
                            "vpc_classic_link_id": "",
                            "vpc_classic_link_security_groups.#": "0"
                        },
                        "meta": {},
                        "tainted": false
                    },
                    "deposed": [],
                    "provider": ""
                },
                "aws_placement_group.default": {
                    "type": "aws_placement_group",
                    "depends_on": [],
                    "primary": {
                        "id": "default-placement-group",
                        "attributes": {
                            "id": "default-placement-group",
                            "name": "default-placement-group",
                            "strategy": "cluster"
                        },
                        "meta": {},
                        "tainted": false
                    },
                    "deposed": [],
                    "provider": ""
                },
                "data.aws_ami.ubuntu": {
                    "type": "aws_ami",
                    "depends_on": [],
                    "primary": {
                        "id": "ami-e872bf91",
                        "attributes": {
                            "architecture": "x86_64",
                            "block_device_mappings.#": "3",
                            "block_device_mappings.1634610537.device_name": "/dev/sdb",
                            "block_device_mappings.1634610537.ebs.%": "0",
                            "block_device_mappings.1634610537.no_device": "",
                            "block_device_mappings.1634610537.virtual_name": "ephemeral0",
                            "block_device_mappings.2547816212.device_name": "/dev/sda1",
                            "block_device_mappings.2547816212.ebs.%": "6",
                            "block_device_mappings.2547816212.ebs.delete_on_termination": "true",
                            "block_device_mappings.2547816212.ebs.encrypted": "false",
                            "block_device_mappings.2547816212.ebs.iops": "0",
                            "block_device_mappings.2547816212.ebs.snapshot_id": "snap-0757aacc10900dab2",
                            "block_device_mappings.2547816212.ebs.volume_size": "8",
                            "block_device_mappings.2547816212.ebs.volume_type": "gp2",
                            "block_device_mappings.2547816212.no_device": "",
                            "block_device_mappings.2547816212.virtual_name": "",
                            "block_device_mappings.3850042718.device_name": "/dev/sdc",
                            "block_device_mappings.3850042718.ebs.%": "0",
                            "block_device_mappings.3850042718.no_device": "",
                            "block_device_mappings.3850042718.virtual_name": "ephemeral1",
                            "creation_date": "2017-09-19T10:54:43.000Z",
                            "description": "Canonical, Ubuntu, 14.04 LTS, amd64 trusty image build on 2017-09-18",
                            "filter.#": "2",
                            "filter.4182425345.name": "name",
                            "filter.4182425345.values.#": "1",
                            "filter.4182425345.values.0": "ubuntu/images/hvm-ssd/ubuntu-trusty-14.04-amd64-server-*",
                            "filter.490168357.name": "virtualization-type",
                            "filter.490168357.values.#": "1",
                            "filter.490168357.values.0": "hvm",
                            "hypervisor": "xen",
                            "id": "ami-e872bf91",
                            "image_id": "ami-e872bf91",
                            "image_location": "099720109477/ubuntu/images/hvm-ssd/ubuntu-trusty-14.04-amd64-server-20170918",
                            "image_type": "machine",
                            "most_recent": "true",
                            "name": "ubuntu/images/hvm-ssd/ubuntu-trusty-14.04-amd64-server-20170918",
                            "owner_id": "099720109477",
                            "owners.#": "1",
                            "owners.0": "099720109477",
                            "product_codes.#": "0",
                            "public": "true",
                            "root_device_name": "/dev/sda1",
                            "root_device_type": "ebs",
                            "sriov_net_support": "simple",
                            "state": "available",
                            "state_reason.%": "2",
                            "state_reason.code": "UNSET",
                            "state_reason.message": "UNSET",
                            "tags.#": "0",
                            "virtualization_type": "hvm"
                        },
                        "meta": {},
                        "tainted": false
                    },
                    "deposed": [],
                    "provider": ""
                }
            },
            "depends_on": []
        }
    ]
}
